{
  "name": "http-connection-pool",
  "version": "2.0.0",
  "lockfileVersion": 3,
  "requires": true,
  "packages": {
    "": {
      "name": "http-connection-pool",
      "version": "2.0.0",
      "license": "ISC",
      "dependencies": {
        "@types/axios": "^0.14.0",
        "@types/superagent": "^8.1.0",
        "dotenv": "^16.3.1",
        "esbuild": "^0.19.10",
        "superagent": "^8.1.2",
        "typescript": "^5.3.3"
      },
      "devDependencies": {
        "@tsconfig/node14": "^14.1.0",
        "@types/node": "^20.10.5"
      }
    },
    "node_modules/@esbuild/aix-ppc64": {
      "version": "0.19.10",
      "resolved": "https://registry.npmjs.org/@esbuild/aix-ppc64/-/aix-ppc64-0.19.10.tgz",
      "integrity": "sha512-Q+mk96KJ+FZ30h9fsJl+67IjNJm3x2eX+GBWGmocAKgzp27cowCOOqSdscX80s0SpdFXZnIv/+1xD1EctFx96Q==",
      "cpu": [
        "ppc64"
      ],
      "optional": true,
      "os": [
        "aix"
      ],
      "engines": {
        "node": ">=12"
      }
    },
    "node_modules/@esbuild/android-arm": {
      "version": "0.19.10",
      "resolved": "https://registry.npmjs.org/@esbuild/android-arm/-/android-arm-0.19.10.tgz",
      "integrity": "sha512-7W0bK7qfkw1fc2viBfrtAEkDKHatYfHzr/jKAHNr9BvkYDXPcC6bodtm8AyLJNNuqClLNaeTLuwURt4PRT9d7w==",
      "cpu": [
        "arm"
      ],
      "optional": true,
      "os": [
        "android"
      ],
      "engines": {
        "node": ">=12"
      }
    },
    "node_modules/@esbuild/android-arm64": {
      "version": "0.19.10",
      "resolved": "https://registry.npmjs.org/@esbuild/android-arm64/-/android-arm64-0.19.10.tgz",
      "integrity": "sha512-1X4CClKhDgC3by7k8aOWZeBXQX8dHT5QAMCAQDArCLaYfkppoARvh0fit3X2Qs+MXDngKcHv6XXyQCpY0hkK1Q==",
      "cpu": [
        "arm64"
      ],
      "optional": true,
      "os": [
        "android"
      ],
      "engines": {
        "node": ">=12"
      }
    },
    "node_modules/@esbuild/android-x64": {
      "version": "0.19.10",
      "resolved": "https://registry.npmjs.org/@esbuild/android-x64/-/android-x64-0.19.10.tgz",
      "integrity": "sha512-O/nO/g+/7NlitUxETkUv/IvADKuZXyH4BHf/g/7laqKC4i/7whLpB0gvpPc2zpF0q9Q6FXS3TS75QHac9MvVWw==",
      "cpu": [
        "x64"
      ],
      "optional": true,
      "os": [
        "android"
      ],
      "engines": {
        "node": ">=12"
      }
    },
    "node_modules/@esbuild/darwin-arm64": {
      "version": "0.19.10",
      "resolved": "https://registry.npmjs.org/@esbuild/darwin-arm64/-/darwin-arm64-0.19.10.tgz",
      "integrity": "sha512-YSRRs2zOpwypck+6GL3wGXx2gNP7DXzetmo5pHXLrY/VIMsS59yKfjPizQ4lLt5vEI80M41gjm2BxrGZ5U+VMA==",
      "cpu": [
        "arm64"
      ],
      "optional": true,
      "os": [
        "darwin"
      ],
      "engines": {
        "node": ">=12"
      }
    },
    "node_modules/@esbuild/darwin-x64": {
      "version": "0.19.10",
      "resolved": "https://registry.npmjs.org/@esbuild/darwin-x64/-/darwin-x64-0.19.10.tgz",
      "integrity": "sha512-alfGtT+IEICKtNE54hbvPg13xGBe4GkVxyGWtzr+yHO7HIiRJppPDhOKq3zstTcVf8msXb/t4eavW3jCDpMSmA==",
      "cpu": [
        "x64"
      ],
      "optional": true,
      "os": [
        "darwin"
      ],
      "engines": {
        "node": ">=12"
      }
    },
    "node_modules/@esbuild/freebsd-arm64": {
      "version": "0.19.10",
      "resolved": "https://registry.npmjs.org/@esbuild/freebsd-arm64/-/freebsd-arm64-0.19.10.tgz",
      "integrity": "sha512-dMtk1wc7FSH8CCkE854GyGuNKCewlh+7heYP/sclpOG6Cectzk14qdUIY5CrKDbkA/OczXq9WesqnPl09mj5dg==",
      "cpu": [
        "arm64"
      ],
      "optional": true,
      "os": [
        "freebsd"
      ],
      "engines": {
        "node": ">=12"
      }
    },
    "node_modules/@esbuild/freebsd-x64": {
      "version": "0.19.10",
      "resolved": "https://registry.npmjs.org/@esbuild/freebsd-x64/-/freebsd-x64-0.19.10.tgz",
      "integrity": "sha512-G5UPPspryHu1T3uX8WiOEUa6q6OlQh6gNl4CO4Iw5PS+Kg5bVggVFehzXBJY6X6RSOMS8iXDv2330VzaObm4Ag==",
      "cpu": [
        "x64"
      ],
      "optional": true,
      "os": [
        "freebsd"
      ],
      "engines": {
        "node": ">=12"
      }
    },
    "node_modules/@esbuild/linux-arm": {
      "version": "0.19.10",
      "resolved": "https://registry.npmjs.org/@esbuild/linux-arm/-/linux-arm-0.19.10.tgz",
      "integrity": "sha512-j6gUW5aAaPgD416Hk9FHxn27On28H4eVI9rJ4az7oCGTFW48+LcgNDBN+9f8rKZz7EEowo889CPKyeaD0iw9Kg==",
      "cpu": [
        "arm"
      ],
      "optional": true,
      "os": [
        "linux"
      ],
      "engines": {
        "node": ">=12"
      }
    },
    "node_modules/@esbuild/linux-arm64": {
      "version": "0.19.10",
      "resolved": "https://registry.npmjs.org/@esbuild/linux-arm64/-/linux-arm64-0.19.10.tgz",
      "integrity": "sha512-QxaouHWZ+2KWEj7cGJmvTIHVALfhpGxo3WLmlYfJ+dA5fJB6lDEIg+oe/0//FuyVHuS3l79/wyBxbHr0NgtxJQ==",
      "cpu": [
        "arm64"
      ],
      "optional": true,
      "os": [
        "linux"
      ],
      "engines": {
        "node": ">=12"
      }
    },
    "node_modules/@esbuild/linux-ia32": {
      "version": "0.19.10",
      "resolved": "https://registry.npmjs.org/@esbuild/linux-ia32/-/linux-ia32-0.19.10.tgz",
      "integrity": "sha512-4ub1YwXxYjj9h1UIZs2hYbnTZBtenPw5NfXCRgEkGb0b6OJ2gpkMvDqRDYIDRjRdWSe/TBiZltm3Y3Q8SN1xNg==",
      "cpu": [
        "ia32"
      ],
      "optional": true,
      "os": [
        "linux"
      ],
      "engines": {
        "node": ">=12"
      }
    },
    "node_modules/@esbuild/linux-loong64": {
      "version": "0.19.10",
      "resolved": "https://registry.npmjs.org/@esbuild/linux-loong64/-/linux-loong64-0.19.10.tgz",
      "integrity": "sha512-lo3I9k+mbEKoxtoIbM0yC/MZ1i2wM0cIeOejlVdZ3D86LAcFXFRdeuZmh91QJvUTW51bOK5W2BznGNIl4+mDaA==",
      "cpu": [
        "loong64"
      ],
      "optional": true,
      "os": [
        "linux"
      ],
      "engines": {
        "node": ">=12"
      }
    },
    "node_modules/@esbuild/linux-mips64el": {
      "version": "0.19.10",
      "resolved": "https://registry.npmjs.org/@esbuild/linux-mips64el/-/linux-mips64el-0.19.10.tgz",
      "integrity": "sha512-J4gH3zhHNbdZN0Bcr1QUGVNkHTdpijgx5VMxeetSk6ntdt+vR1DqGmHxQYHRmNb77tP6GVvD+K0NyO4xjd7y4A==",
      "cpu": [
        "mips64el"
      ],
      "optional": true,
      "os": [
        "linux"
      ],
      "engines": {
        "node": ">=12"
      }
    },
    "node_modules/@esbuild/linux-ppc64": {
      "version": "0.19.10",
      "resolved": "https://registry.npmjs.org/@esbuild/linux-ppc64/-/linux-ppc64-0.19.10.tgz",
      "integrity": "sha512-tgT/7u+QhV6ge8wFMzaklOY7KqiyitgT1AUHMApau32ZlvTB/+efeCtMk4eXS+uEymYK249JsoiklZN64xt6oQ==",
      "cpu": [
        "ppc64"
      ],
      "optional": true,
      "os": [
        "linux"
      ],
      "engines": {
        "node": ">=12"
      }
    },
    "node_modules/@esbuild/linux-riscv64": {
      "version": "0.19.10",
      "resolved": "https://registry.npmjs.org/@esbuild/linux-riscv64/-/linux-riscv64-0.19.10.tgz",
      "integrity": "sha512-0f/spw0PfBMZBNqtKe5FLzBDGo0SKZKvMl5PHYQr3+eiSscfJ96XEknCe+JoOayybWUFQbcJTrk946i3j9uYZA==",
      "cpu": [
        "riscv64"
      ],
      "optional": true,
      "os": [
        "linux"
      ],
      "engines": {
        "node": ">=12"
      }
    },
    "node_modules/@esbuild/linux-s390x": {
      "version": "0.19.10",
      "resolved": "https://registry.npmjs.org/@esbuild/linux-s390x/-/linux-s390x-0.19.10.tgz",
      "integrity": "sha512-pZFe0OeskMHzHa9U38g+z8Yx5FNCLFtUnJtQMpwhS+r4S566aK2ci3t4NCP4tjt6d5j5uo4h7tExZMjeKoehAA==",
      "cpu": [
        "s390x"
      ],
      "optional": true,
      "os": [
        "linux"
      ],
      "engines": {
        "node": ">=12"
      }
    },
    "node_modules/@esbuild/linux-x64": {
      "version": "0.19.10",
      "resolved": "https://registry.npmjs.org/@esbuild/linux-x64/-/linux-x64-0.19.10.tgz",
      "integrity": "sha512-SpYNEqg/6pZYoc+1zLCjVOYvxfZVZj6w0KROZ3Fje/QrM3nfvT2llI+wmKSrWuX6wmZeTapbarvuNNK/qepSgA==",
      "cpu": [
        "x64"
      ],
      "optional": true,
      "os": [
        "linux"
      ],
      "engines": {
        "node": ">=12"
      }
    },
    "node_modules/@esbuild/netbsd-x64": {
      "version": "0.19.10",
      "resolved": "https://registry.npmjs.org/@esbuild/netbsd-x64/-/netbsd-x64-0.19.10.tgz",
      "integrity": "sha512-ACbZ0vXy9zksNArWlk2c38NdKg25+L9pr/mVaj9SUq6lHZu/35nx2xnQVRGLrC1KKQqJKRIB0q8GspiHI3J80Q==",
      "cpu": [
        "x64"
      ],
      "optional": true,
      "os": [
        "netbsd"
      ],
      "engines": {
        "node": ">=12"
      }
    },
    "node_modules/@esbuild/openbsd-x64": {
      "version": "0.19.10",
      "resolved": "https://registry.npmjs.org/@esbuild/openbsd-x64/-/openbsd-x64-0.19.10.tgz",
      "integrity": "sha512-PxcgvjdSjtgPMiPQrM3pwSaG4kGphP+bLSb+cihuP0LYdZv1epbAIecHVl5sD3npkfYBZ0ZnOjR878I7MdJDFg==",
      "cpu": [
        "x64"
      ],
      "optional": true,
      "os": [
        "openbsd"
      ],
      "engines": {
        "node": ">=12"
      }
    },
    "node_modules/@esbuild/sunos-x64": {
      "version": "0.19.10",
      "resolved": "https://registry.npmjs.org/@esbuild/sunos-x64/-/sunos-x64-0.19.10.tgz",
      "integrity": "sha512-ZkIOtrRL8SEJjr+VHjmW0znkPs+oJXhlJbNwfI37rvgeMtk3sxOQevXPXjmAPZPigVTncvFqLMd+uV0IBSEzqA==",
      "cpu": [
        "x64"
      ],
      "optional": true,
      "os": [
        "sunos"
      ],
      "engines": {
        "node": ">=12"
      }
    },
    "node_modules/@esbuild/win32-arm64": {
      "version": "0.19.10",
      "resolved": "https://registry.npmjs.org/@esbuild/win32-arm64/-/win32-arm64-0.19.10.tgz",
      "integrity": "sha512-+Sa4oTDbpBfGpl3Hn3XiUe4f8TU2JF7aX8cOfqFYMMjXp6ma6NJDztl5FDG8Ezx0OjwGikIHw+iA54YLDNNVfw==",
      "cpu": [
        "arm64"
      ],
      "optional": true,
      "os": [
        "win32"
      ],
      "engines": {
        "node": ">=12"
      }
    },
    "node_modules/@esbuild/win32-ia32": {
      "version": "0.19.10",
      "resolved": "https://registry.npmjs.org/@esbuild/win32-ia32/-/win32-ia32-0.19.10.tgz",
      "integrity": "sha512-EOGVLK1oWMBXgfttJdPHDTiivYSjX6jDNaATeNOaCOFEVcfMjtbx7WVQwPSE1eIfCp/CaSF2nSrDtzc4I9f8TQ==",
      "cpu": [
        "ia32"
      ],
      "optional": true,
      "os": [
        "win32"
      ],
      "engines": {
        "node": ">=12"
      }
    },
    "node_modules/@esbuild/win32-x64": {
      "version": "0.19.10",
      "resolved": "https://registry.npmjs.org/@esbuild/win32-x64/-/win32-x64-0.19.10.tgz",
      "integrity": "sha512-whqLG6Sc70AbU73fFYvuYzaE4MNMBIlR1Y/IrUeOXFrWHxBEjjbZaQ3IXIQS8wJdAzue2GwYZCjOrgrU1oUHoA==",
      "cpu": [
        "x64"
      ],
      "optional": true,
      "os": [
        "win32"
      ],
      "engines": {
        "node": ">=12"
      }
    },
    "node_modules/@tsconfig/node14": {
      "version": "14.1.0",
      "resolved": "https://registry.npmjs.org/@tsconfig/node14/-/node14-14.1.0.tgz",
      "integrity": "sha512-VmsCG04YR58ciHBeJKBDNMWWfYbyP8FekWVuTlpstaUPlat1D0x/tXzkWP7yCMU0eSz9V4OZU0LBWTFJ3xZf6w==",
      "dev": true
    },
    "node_modules/@types/axios": {
      "version": "0.14.0",
      "resolved": "https://registry.npmjs.org/@types/axios/-/axios-0.14.0.tgz",
      "integrity": "sha512-KqQnQbdYE54D7oa/UmYVMZKq7CO4l8DEENzOKc4aBRwxCXSlJXGz83flFx5L7AWrOQnmuN3kVsRdt+GZPPjiVQ==",
      "deprecated": "This is a stub types definition for axios (https://github.com/mzabriskie/axios). axios provides its own type definitions, so you don't need @types/axios installed!",
      "dependencies": {
        "axios": "*"
      }
    },
    "node_modules/@types/cookiejar": {
      "version": "2.1.5",
      "resolved": "https://registry.npmjs.org/@types/cookiejar/-/cookiejar-2.1.5.tgz",
      "integrity": "sha512-he+DHOWReW0nghN24E1WUqM0efK4kI9oTqDm6XmK8ZPe2djZ90BSNdGnIyCLzCPw7/pogPlGbzI2wHGGmi4O/Q=="
    },
    "node_modules/@types/methods": {
      "version": "1.1.4",
      "resolved": "https://registry.npmjs.org/@types/methods/-/methods-1.1.4.tgz",
      "integrity": "sha512-ymXWVrDiCxTBE3+RIrrP533E70eA+9qu7zdWoHuOmGujkYtzf4HQF96b8nwHLqhuf4ykX61IGRIB38CC6/sImQ=="
    },
    "node_modules/@types/node": {
      "version": "20.10.5",
      "resolved": "https://registry.npmjs.org/@types/node/-/node-20.10.5.tgz",
      "integrity": "sha512-nNPsNE65wjMxEKI93yOP+NPGGBJz/PoN3kZsVLee0XMiJolxSekEVD8wRwBUBqkwc7UWop0edW50yrCQW4CyRw==",
      "dependencies": {
        "undici-types": "~5.26.4"
      }
    },
    "node_modules/@types/superagent": {
      "version": "8.1.0",
      "resolved": "https://registry.npmjs.org/@types/superagent/-/superagent-8.1.0.tgz",
      "integrity": "sha512-GXR/ZID+mf0z4pHnN25tBma8iZMuoQWbOS5DCUUACC5VI0WiYt2YmeK09ttsci3l2Ucrfn56Bj701z5iLqpiDw==",
      "dependencies": {
        "@types/cookiejar": "*",
        "@types/methods": "*",
        "@types/node": "*"
      }
    },
    "node_modules/asap": {
      "version": "2.0.6",
      "resolved": "https://registry.npmjs.org/asap/-/asap-2.0.6.tgz",
      "integrity": "sha512-BSHWgDSAiKs50o2Re8ppvp3seVHXSRM44cdSsT9FfNEUUZLOGWVCsiWaRPWM1Znn+mqZ1OfVZ3z3DWEzSp7hRA=="
    },
    "node_modules/asynckit": {
      "version": "0.4.0",
      "resolved": "https://registry.npmjs.org/asynckit/-/asynckit-0.4.0.tgz",
      "integrity": "sha512-Oei9OH4tRh0YqU3GxhX79dM/mwVgvbZJaSNaRk+bshkj0S5cfHcgYakreBjrHwatXKbz+IoIdYLxrKim2MjW0Q=="
    },
    "node_modules/axios": {
      "version": "1.6.2",
      "resolved": "https://registry.npmjs.org/axios/-/axios-1.6.2.tgz",
      "integrity": "sha512-7i24Ri4pmDRfJTR7LDBhsOTtcm+9kjX5WiY1X3wIisx6G9So3pfMkEiU7emUBe46oceVImccTEM3k6C5dbVW8A==",
      "dependencies": {
        "follow-redirects": "^1.15.0",
        "form-data": "^4.0.0",
        "proxy-from-env": "^1.1.0"
      }
    },
    "node_modules/call-bind": {
      "version": "1.0.5",
      "resolved": "https://registry.npmjs.org/call-bind/-/call-bind-1.0.5.tgz",
      "integrity": "sha512-C3nQxfFZxFRVoJoGKKI8y3MOEo129NQ+FgQ08iye+Mk4zNZZGdjfs06bVTr+DBSlA66Q2VEcMki/cUCP4SercQ==",
      "dependencies": {
        "function-bind": "^1.1.2",
        "get-intrinsic": "^1.2.1",
        "set-function-length": "^1.1.1"
      },
      "funding": {
        "url": "https://github.com/sponsors/ljharb"
      }
    },
    "node_modules/combined-stream": {
      "version": "1.0.8",
      "resolved": "https://registry.npmjs.org/combined-stream/-/combined-stream-1.0.8.tgz",
      "integrity": "sha512-FQN4MRfuJeHf7cBbBMJFXhKSDq+2kAArBlmRBvcvFE5BB1HZKXtSFASDhdlz9zOYwxh8lDdnvmMOe/+5cdoEdg==",
      "dependencies": {
        "delayed-stream": "~1.0.0"
      },
      "engines": {
        "node": ">= 0.8"
      }
    },
    "node_modules/component-emitter": {
      "version": "1.3.1",
      "resolved": "https://registry.npmjs.org/component-emitter/-/component-emitter-1.3.1.tgz",
      "integrity": "sha512-T0+barUSQRTUQASh8bx02dl+DhF54GtIDY13Y3m9oWTklKbb3Wv974meRpeZ3lp1JpLVECWWNHC4vaG2XHXouQ==",
      "funding": {
        "url": "https://github.com/sponsors/sindresorhus"
      }
    },
    "node_modules/cookiejar": {
      "version": "2.1.4",
      "resolved": "https://registry.npmjs.org/cookiejar/-/cookiejar-2.1.4.tgz",
      "integrity": "sha512-LDx6oHrK+PhzLKJU9j5S7/Y3jM/mUHvD/DeI1WQmJn652iPC5Y4TBzC9l+5OMOXlyTTA+SmVUPm0HQUwpD5Jqw=="
    },
    "node_modules/debug": {
      "version": "4.3.4",
      "resolved": "https://registry.npmjs.org/debug/-/debug-4.3.4.tgz",
      "integrity": "sha512-PRWFHuSU3eDtQJPvnNY7Jcket1j0t5OuOsFzPPzsekD52Zl8qUfFIPEiswXqIvHWGVHOgX+7G/vCNNhehwxfkQ==",
      "dependencies": {
        "ms": "2.1.2"
      },
      "engines": {
        "node": ">=6.0"
      },
      "peerDependenciesMeta": {
        "supports-color": {
          "optional": true
        }
      }
    },
    "node_modules/define-data-property": {
      "version": "1.1.1",
      "resolved": "https://registry.npmjs.org/define-data-property/-/define-data-property-1.1.1.tgz",
      "integrity": "sha512-E7uGkTzkk1d0ByLeSc6ZsFS79Axg+m1P/VsgYsxHgiuc3tFSj+MjMIwe90FC4lOAZzNBdY7kkO2P2wKdsQ1vgQ==",
      "dependencies": {
        "get-intrinsic": "^1.2.1",
        "gopd": "^1.0.1",
        "has-property-descriptors": "^1.0.0"
      },
      "engines": {
        "node": ">= 0.4"
      }
    },
    "node_modules/delayed-stream": {
      "version": "1.0.0",
      "resolved": "https://registry.npmjs.org/delayed-stream/-/delayed-stream-1.0.0.tgz",
      "integrity": "sha512-ZySD7Nf91aLB0RxL4KGrKHBXl7Eds1DAmEdcoVawXnLD7SDhpNgtuII2aAkg7a7QS41jxPSZ17p4VdGnMHk3MQ==",
      "engines": {
        "node": ">=0.4.0"
      }
    },
    "node_modules/dezalgo": {
      "version": "1.0.4",
      "resolved": "https://registry.npmjs.org/dezalgo/-/dezalgo-1.0.4.tgz",
      "integrity": "sha512-rXSP0bf+5n0Qonsb+SVVfNfIsimO4HEtmnIpPHY8Q1UCzKlQrDMfdobr8nJOOsRgWCyMRqeSBQzmWUMq7zvVig==",
      "dependencies": {
        "asap": "^2.0.0",
        "wrappy": "1"
      }
    },
    "node_modules/dotenv": {
      "version": "16.3.1",
      "resolved": "https://registry.npmjs.org/dotenv/-/dotenv-16.3.1.tgz",
      "integrity": "sha512-IPzF4w4/Rd94bA9imS68tZBaYyBWSCE47V1RGuMrB94iyTOIEwRmVL2x/4An+6mETpLrKJ5hQkB8W4kFAadeIQ==",
      "engines": {
        "node": ">=12"
      },
      "funding": {
        "url": "https://github.com/motdotla/dotenv?sponsor=1"
      }
    },
    "node_modules/esbuild": {
      "version": "0.19.10",
      "resolved": "https://registry.npmjs.org/esbuild/-/esbuild-0.19.10.tgz",
      "integrity": "sha512-S1Y27QGt/snkNYrRcswgRFqZjaTG5a5xM3EQo97uNBnH505pdzSNe/HLBq1v0RO7iK/ngdbhJB6mDAp0OK+iUA==",
      "hasInstallScript": true,
      "bin": {
        "esbuild": "bin/esbuild"
      },
      "engines": {
        "node": ">=12"
      },
      "optionalDependencies": {
        "@esbuild/aix-ppc64": "0.19.10",
        "@esbuild/android-arm": "0.19.10",
        "@esbuild/android-arm64": "0.19.10",
        "@esbuild/android-x64": "0.19.10",
        "@esbuild/darwin-arm64": "0.19.10",
        "@esbuild/darwin-x64": "0.19.10",
        "@esbuild/freebsd-arm64": "0.19.10",
        "@esbuild/freebsd-x64": "0.19.10",
        "@esbuild/linux-arm": "0.19.10",
        "@esbuild/linux-arm64": "0.19.10",
        "@esbuild/linux-ia32": "0.19.10",
        "@esbuild/linux-loong64": "0.19.10",
        "@esbuild/linux-mips64el": "0.19.10",
        "@esbuild/linux-ppc64": "0.19.10",
        "@esbuild/linux-riscv64": "0.19.10",
        "@esbuild/linux-s390x": "0.19.10",
        "@esbuild/linux-x64": "0.19.10",
        "@esbuild/netbsd-x64": "0.19.10",
        "@esbuild/openbsd-x64": "0.19.10",
        "@esbuild/sunos-x64": "0.19.10",
        "@esbuild/win32-arm64": "0.19.10",
        "@esbuild/win32-ia32": "0.19.10",
        "@esbuild/win32-x64": "0.19.10"
      }
    },
    "node_modules/fast-safe-stringify": {
      "version": "2.1.1",
      "resolved": "https://registry.npmjs.org/fast-safe-stringify/-/fast-safe-stringify-2.1.1.tgz",
      "integrity": "sha512-W+KJc2dmILlPplD/H4K9l9LcAHAfPtP6BY84uVLXQ6Evcz9Lcg33Y2z1IVblT6xdY54PXYVHEv+0Wpq8Io6zkA=="
    },
    "node_modules/follow-redirects": {
      "version": "1.15.3",
      "resolved": "https://registry.npmjs.org/follow-redirects/-/follow-redirects-1.15.3.tgz",
      "integrity": "sha512-1VzOtuEM8pC9SFU1E+8KfTjZyMztRsgEfwQl44z8A25uy13jSzTj6dyK2Df52iV0vgHCfBwLhDWevLn95w5v6Q==",
      "funding": [
        {
          "type": "individual",
          "url": "https://github.com/sponsors/RubenVerborgh"
        }
      ],
      "engines": {
        "node": ">=4.0"
      },
      "peerDependenciesMeta": {
        "debug": {
          "optional": true
        }
      }
    },
    "node_modules/form-data": {
      "version": "4.0.0",
      "resolved": "https://registry.npmjs.org/form-data/-/form-data-4.0.0.tgz",
      "integrity": "sha512-ETEklSGi5t0QMZuiXoA/Q6vcnxcLQP5vdugSpuAyi6SVGi2clPPp+xgEhuMaHC+zGgn31Kd235W35f7Hykkaww==",
      "dependencies": {
        "asynckit": "^0.4.0",
        "combined-stream": "^1.0.8",
        "mime-types": "^2.1.12"
      },
      "engines": {
        "node": ">= 6"
      }
    },
    "node_modules/formidable": {
      "version": "2.1.2",
      "resolved": "https://registry.npmjs.org/formidable/-/formidable-2.1.2.tgz",
      "integrity": "sha512-CM3GuJ57US06mlpQ47YcunuUZ9jpm8Vx+P2CGt2j7HpgkKZO/DJYQ0Bobim8G6PFQmK5lOqOOdUXboU+h73A4g==",
      "dependencies": {
        "dezalgo": "^1.0.4",
        "hexoid": "^1.0.0",
        "once": "^1.4.0",
        "qs": "^6.11.0"
      },
      "funding": {
        "url": "https://ko-fi.com/tunnckoCore/commissions"
      }
    },
    "node_modules/function-bind": {
      "version": "1.1.2",
      "resolved": "https://registry.npmjs.org/function-bind/-/function-bind-1.1.2.tgz",
      "integrity": "sha512-7XHNxH7qX9xG5mIwxkhumTox/MIRNcOgDrxWsMt2pAr23WHp6MrRlN7FBSFpCpr+oVO0F744iUgR82nJMfG2SA==",
      "funding": {
        "url": "https://github.com/sponsors/ljharb"
      }
    },
    "node_modules/get-intrinsic": {
      "version": "1.2.2",
      "resolved": "https://registry.npmjs.org/get-intrinsic/-/get-intrinsic-1.2.2.tgz",
      "integrity": "sha512-0gSo4ml/0j98Y3lngkFEot/zhiCeWsbYIlZ+uZOVgzLyLaUw7wxUL+nCTP0XJvJg1AXulJRI3UJi8GsbDuxdGA==",
      "dependencies": {
        "function-bind": "^1.1.2",
        "has-proto": "^1.0.1",
        "has-symbols": "^1.0.3",
        "hasown": "^2.0.0"
      },
      "funding": {
        "url": "https://github.com/sponsors/ljharb"
      }
    },
    "node_modules/gopd": {
      "version": "1.0.1",
      "resolved": "https://registry.npmjs.org/gopd/-/gopd-1.0.1.tgz",
      "integrity": "sha512-d65bNlIadxvpb/A2abVdlqKqV563juRnZ1Wtk6s1sIR8uNsXR70xqIzVqxVf1eTqDunwT2MkczEeaezCKTZhwA==",
      "dependencies": {
        "get-intrinsic": "^1.1.3"
      },
      "funding": {
        "url": "https://github.com/sponsors/ljharb"
      }
    },
    "node_modules/has-property-descriptors": {
      "version": "1.0.1",
      "resolved": "https://registry.npmjs.org/has-property-descriptors/-/has-property-descriptors-1.0.1.tgz",
      "integrity": "sha512-VsX8eaIewvas0xnvinAe9bw4WfIeODpGYikiWYLH+dma0Jw6KHYqWiWfhQlgOVK8D6PvjubK5Uc4P0iIhIcNVg==",
      "dependencies": {
        "get-intrinsic": "^1.2.2"
      },
      "funding": {
        "url": "https://github.com/sponsors/ljharb"
      }
    },
    "node_modules/has-proto": {
      "version": "1.0.1",
      "resolved": "https://registry.npmjs.org/has-proto/-/has-proto-1.0.1.tgz",
      "integrity": "sha512-7qE+iP+O+bgF9clE5+UoBFzE65mlBiVj3tKCrlNQ0Ogwm0BjpT/gK4SlLYDMybDh5I3TCTKnPPa0oMG7JDYrhg==",
      "engines": {
        "node": ">= 0.4"
      },
      "funding": {
        "url": "https://github.com/sponsors/ljharb"
      }
    },
    "node_modules/has-symbols": {
      "version": "1.0.3",
      "resolved": "https://registry.npmjs.org/has-symbols/-/has-symbols-1.0.3.tgz",
      "integrity": "sha512-l3LCuF6MgDNwTDKkdYGEihYjt5pRPbEg46rtlmnSPlUbgmB8LOIrKJbYYFBSbnPaJexMKtiPO8hmeRjRz2Td+A==",
      "engines": {
        "node": ">= 0.4"
      },
      "funding": {
        "url": "https://github.com/sponsors/ljharb"
      }
    },
    "node_modules/hasown": {
      "version": "2.0.0",
      "resolved": "https://registry.npmjs.org/hasown/-/hasown-2.0.0.tgz",
      "integrity": "sha512-vUptKVTpIJhcczKBbgnS+RtcuYMB8+oNzPK2/Hp3hanz8JmpATdmmgLgSaadVREkDm+e2giHwY3ZRkyjSIDDFA==",
      "dependencies": {
        "function-bind": "^1.1.2"
      },
      "engines": {
        "node": ">= 0.4"
      }
    },
    "node_modules/hexoid": {
      "version": "1.0.0",
      "resolved": "https://registry.npmjs.org/hexoid/-/hexoid-1.0.0.tgz",
      "integrity": "sha512-QFLV0taWQOZtvIRIAdBChesmogZrtuXvVWsFHZTk2SU+anspqZ2vMnoLg7IE1+Uk16N19APic1BuF8bC8c2m5g==",
      "engines": {
        "node": ">=8"
      }
    },
    "node_modules/lru-cache": {
      "version": "6.0.0",
      "resolved": "https://registry.npmjs.org/lru-cache/-/lru-cache-6.0.0.tgz",
      "integrity": "sha512-Jo6dJ04CmSjuznwJSS3pUeWmd/H0ffTlkXXgwZi+eq1UCmqQwCh+eLsYOYCwY991i2Fah4h1BEMCx4qThGbsiA==",
      "dependencies": {
        "yallist": "^4.0.0"
      },
      "engines": {
        "node": ">=10"
      }
    },
    "node_modules/methods": {
      "version": "1.1.2",
      "resolved": "https://registry.npmjs.org/methods/-/methods-1.1.2.tgz",
      "integrity": "sha512-iclAHeNqNm68zFtnZ0e+1L2yUIdvzNoauKU4WBA3VvH/vPFieF7qfRlwUZU+DA9P9bPXIS90ulxoUoCH23sV2w==",
      "engines": {
        "node": ">= 0.6"
      }
    },
    "node_modules/mime": {
      "version": "2.6.0",
      "resolved": "https://registry.npmjs.org/mime/-/mime-2.6.0.tgz",
      "integrity": "sha512-USPkMeET31rOMiarsBNIHZKLGgvKc/LrjofAnBlOttf5ajRvqiRA8QsenbcooctK6d6Ts6aqZXBA+XbkKthiQg==",
      "bin": {
        "mime": "cli.js"
      },
      "engines": {
        "node": ">=4.0.0"
      }
    },
    "node_modules/mime-db": {
      "version": "1.52.0",
      "resolved": "https://registry.npmjs.org/mime-db/-/mime-db-1.52.0.tgz",
      "integrity": "sha512-sPU4uV7dYlvtWJxwwxHD0PuihVNiE7TyAbQ5SWxDCB9mUYvOgroQOwYQQOKPJ8CIbE+1ETVlOoK1UC2nU3gYvg==",
      "engines": {
        "node": ">= 0.6"
      }
    },
    "node_modules/mime-types": {
      "version": "2.1.35",
      "resolved": "https://registry.npmjs.org/mime-types/-/mime-types-2.1.35.tgz",
      "integrity": "sha512-ZDY+bPm5zTTF+YpCrAU9nK0UgICYPT0QtT1NZWFv4s++TNkcgVaT0g6+4R2uI4MjQjzysHB1zxuWL50hzaeXiw==",
      "dependencies": {
        "mime-db": "1.52.0"
      },
      "engines": {
        "node": ">= 0.6"
      }
    },
    "node_modules/ms": {
      "version": "2.1.2",
      "resolved": "https://registry.npmjs.org/ms/-/ms-2.1.2.tgz",
      "integrity": "sha512-sGkPx+VjMtmA6MX27oA4FBFELFCZZ4S4XqeGOXCv68tT+jb3vk/RyaKWP0PTKyWtmLSM0b+adUTEvbs1PEaH2w=="
    },
    "node_modules/object-inspect": {
      "version": "1.13.1",
      "resolved": "https://registry.npmjs.org/object-inspect/-/object-inspect-1.13.1.tgz",
      "integrity": "sha512-5qoj1RUiKOMsCCNLV1CBiPYE10sziTsnmNxkAI/rZhiD63CF7IqdFGC/XzjWjpSgLf0LxXX3bDFIh0E18f6UhQ==",
      "funding": {
        "url": "https://github.com/sponsors/ljharb"
      }
    },
    "node_modules/once": {
      "version": "1.4.0",
      "resolved": "https://registry.npmjs.org/once/-/once-1.4.0.tgz",
      "integrity": "sha512-lNaJgI+2Q5URQBkccEKHTQOPaXdUxnZZElQTZY0MFUAuaEqe1E+Nyvgdz/aIyNi6Z9MzO5dv1H8n58/GELp3+w==",
      "dependencies": {
        "wrappy": "1"
      }
    },
    "node_modules/proxy-from-env": {
      "version": "1.1.0",
      "resolved": "https://registry.npmjs.org/proxy-from-env/-/proxy-from-env-1.1.0.tgz",
      "integrity": "sha512-D+zkORCbA9f1tdWRK0RaCR3GPv50cMxcrz4X8k5LTSUD1Dkw47mKJEZQNunItRTkWwgtaUSo1RVFRIG9ZXiFYg=="
    },
    "node_modules/qs": {
      "version": "6.11.2",
      "resolved": "https://registry.npmjs.org/qs/-/qs-6.11.2.tgz",
      "integrity": "sha512-tDNIz22aBzCDxLtVH++VnTfzxlfeK5CbqohpSqpJgj1Wg/cQbStNAz3NuqCs5vV+pjBsK4x4pN9HlVh7rcYRiA==",
      "dependencies": {
        "side-channel": "^1.0.4"
      },
      "engines": {
        "node": ">=0.6"
      },
      "funding": {
        "url": "https://github.com/sponsors/ljharb"
      }
    },
    "node_modules/semver": {
      "version": "7.5.4",
      "resolved": "https://registry.npmjs.org/semver/-/semver-7.5.4.tgz",
      "integrity": "sha512-1bCSESV6Pv+i21Hvpxp3Dx+pSD8lIPt8uVjRrxAUt/nbswYc+tK6Y2btiULjd4+fnq15PX+nqQDC7Oft7WkwcA==",
      "dependencies": {
        "lru-cache": "^6.0.0"
      },
      "bin": {
        "semver": "bin/semver.js"
      },
      "engines": {
        "node": ">=10"
      }
    },
    "node_modules/set-function-length": {
      "version": "1.1.1",
      "resolved": "https://registry.npmjs.org/set-function-length/-/set-function-length-1.1.1.tgz",
      "integrity": "sha512-VoaqjbBJKiWtg4yRcKBQ7g7wnGnLV3M8oLvVWwOk2PdYY6PEFegR1vezXR0tw6fZGF9csVakIRjrJiy2veSBFQ==",
      "dependencies": {
        "define-data-property": "^1.1.1",
        "get-intrinsic": "^1.2.1",
        "gopd": "^1.0.1",
        "has-property-descriptors": "^1.0.0"
      },
      "engines": {
        "node": ">= 0.4"
      }
    },
    "node_modules/side-channel": {
      "version": "1.0.4",
      "resolved": "https://registry.npmjs.org/side-channel/-/side-channel-1.0.4.tgz",
      "integrity": "sha512-q5XPytqFEIKHkGdiMIrY10mvLRvnQh42/+GoBlFW3b2LXLE2xxJpZFdm94we0BaoV3RwJyGqg5wS7epxTv0Zvw==",
      "dependencies": {
        "call-bind": "^1.0.0",
        "get-intrinsic": "^1.0.2",
        "object-inspect": "^1.9.0"
      },
      "funding": {
        "url": "https://github.com/sponsors/ljharb"
      }
    },
    "node_modules/superagent": {
      "version": "8.1.2",
      "resolved": "https://registry.npmjs.org/superagent/-/superagent-8.1.2.tgz",
      "integrity": "sha512-6WTxW1EB6yCxV5VFOIPQruWGHqc3yI7hEmZK6h+pyk69Lk/Ut7rLUY6W/ONF2MjBuGjvmMiIpsrVJ2vjrHlslA==",
      "dependencies": {
        "component-emitter": "^1.3.0",
        "cookiejar": "^2.1.4",
        "debug": "^4.3.4",
        "fast-safe-stringify": "^2.1.1",
        "form-data": "^4.0.0",
        "formidable": "^2.1.2",
        "methods": "^1.1.2",
        "mime": "2.6.0",
        "qs": "^6.11.0",
        "semver": "^7.3.8"
      },
      "engines": {
        "node": ">=6.4.0 <13 || >=14"
      }
    },
    "node_modules/typescript": {
      "version": "5.3.3",
      "resolved": "https://registry.npmjs.org/typescript/-/typescript-5.3.3.tgz",
      "integrity": "sha512-pXWcraxM0uxAS+tN0AG/BF2TyqmHO014Z070UsJ+pFvYuRSq8KH8DmWpnbXe0pEPDHXZV3FcAbJkijJ5oNEnWw==",
      "bin": {
        "tsc": "bin/tsc",
        "tsserver": "bin/tsserver"
      },
      "engines": {
        "node": ">=14.17"
      }
    },
    "node_modules/undici-types": {
      "version": "5.26.5",
      "resolved": "https://registry.npmjs.org/undici-types/-/undici-types-5.26.5.tgz",
      "integrity": "sha512-JlCMO+ehdEIKqlFxk6IfVoAUVmgz7cU7zD/h9XZ0qzeosSHmUJVOzSQvvYSYWXkFXC+IfLKSIffhv0sVZup6pA=="
    },
    "node_modules/wrappy": {
      "version": "1.0.2",
      "resolved": "https://registry.npmjs.org/wrappy/-/wrappy-1.0.2.tgz",
      "integrity": "sha512-l4Sp/DRseor9wL6EvV2+TuQn63dMkPjZ/sp9XkghTEbV9KlPS1xUsZ3u7/IQO4wxtcFB4bgpQPRcR3QCvezPcQ=="
    },
    "node_modules/yallist": {
      "version": "4.0.0",
      "resolved": "https://registry.npmjs.org/yallist/-/yallist-4.0.0.tgz",
      "integrity": "sha512-3wdGidZyq5PB084XLES5TpOSRA3wjXAlIWMhum2kRcv/41Sn2emQ0dycQW4uZXLejwKvg6EsvbdlVL+FYEct7A=="
    }
  }
}
